// !$*UTF8*$!
{
	archiveVersion = 1;
	classes = {
	};
	objectVersion = 56;
	objects = {

/* Begin PBXBuildFile section */
		0D5AB4092A580B53004FC615 /* NetworkRequestManager.swift in Sources */ = {isa = PBXBuildFile; fileRef = 0D5AB4082A580B53004FC615 /* NetworkRequestManager.swift */; };
		0D5AB40B2A580BBA004FC615 /* DateFormatter+Extension.swift in Sources */ = {isa = PBXBuildFile; fileRef = 0D5AB40A2A580BBA004FC615 /* DateFormatter+Extension.swift */; };
		0D5AB40E2A580C1A004FC615 /* JSONDecoder+Extension.swift in Sources */ = {isa = PBXBuildFile; fileRef = 0D5AB40D2A580C1A004FC615 /* JSONDecoder+Extension.swift */; };
		0D5AB4112A580C4B004FC615 /* API.swift in Sources */ = {isa = PBXBuildFile; fileRef = 0D5AB4102A580C4B004FC615 /* API.swift */; };
		0D5AB4132A580CB3004FC615 /* EmptyRequest.swift in Sources */ = {isa = PBXBuildFile; fileRef = 0D5AB4122A580CB3004FC615 /* EmptyRequest.swift */; };
		0D5AB4162A580D13004FC615 /* BaseUrlType.swift in Sources */ = {isa = PBXBuildFile; fileRef = 0D5AB4152A580D13004FC615 /* BaseUrlType.swift */; };
		0D5AB4192A580D90004FC615 /* HTTPMethodType.swift in Sources */ = {isa = PBXBuildFile; fileRef = 0D5AB4172A580D86004FC615 /* HTTPMethodType.swift */; };
		0D5AB41B2A581B43004FC615 /* AppKey.swift in Sources */ = {isa = PBXBuildFile; fileRef = 0D5AB41A2A581B43004FC615 /* AppKey.swift */; };
		0D5AB41D2A581DBE004FC615 /* BookNamesAPI.swift in Sources */ = {isa = PBXBuildFile; fileRef = 0D5AB41C2A581DBE004FC615 /* BookNamesAPI.swift */; };
		0D5AB41F2A581E21004FC615 /* BookNamesResponse.swift in Sources */ = {isa = PBXBuildFile; fileRef = 0D5AB41E2A581E21004FC615 /* BookNamesResponse.swift */; };
		0D5AB4222A5825E3004FC615 /* BookData.swift in Sources */ = {isa = PBXBuildFile; fileRef = 0D5AB4212A5825E3004FC615 /* BookData.swift */; };
		0D5AB4242A582F8D004FC615 /* UIStackView+Extension.swift in Sources */ = {isa = PBXBuildFile; fileRef = 0D5AB4232A582F8D004FC615 /* UIStackView+Extension.swift */; };
		0D96C3AD2A5454C200D4E26C /* ViewLoadableVC.swift in Sources */ = {isa = PBXBuildFile; fileRef = 0D96C3AC2A5454C200D4E26C /* ViewLoadableVC.swift */; };
		0D96C3AF2A54559E00D4E26C /* ViewLoadable.swift in Sources */ = {isa = PBXBuildFile; fileRef = 0D96C3AE2A54559E00D4E26C /* ViewLoadable.swift */; };
		0D96C3B12A5455D900D4E26C /* TableView.swift in Sources */ = {isa = PBXBuildFile; fileRef = 0D96C3B02A5455D900D4E26C /* TableView.swift */; };
		0D96C3B32A5455F800D4E26C /* CollectionView.swift in Sources */ = {isa = PBXBuildFile; fileRef = 0D96C3B22A5455F800D4E26C /* CollectionView.swift */; };
		0D96C3B72A5457BE00D4E26C /* UIView+Extension.swift in Sources */ = {isa = PBXBuildFile; fileRef = 0D96C3B62A5457BE00D4E26C /* UIView+Extension.swift */; };
		0D96C3BC2A569B3D00D4E26C /* CategoryView.swift in Sources */ = {isa = PBXBuildFile; fileRef = 0D96C3BB2A569B3D00D4E26C /* CategoryView.swift */; };
		0D96C3BE2A56ABF200D4E26C /* ModernListVM.swift in Sources */ = {isa = PBXBuildFile; fileRef = 0D96C3BD2A56ABF200D4E26C /* ModernListVM.swift */; };
		0D96C3C02A56AC4600D4E26C /* CategoryVM.swift in Sources */ = {isa = PBXBuildFile; fileRef = 0D96C3BF2A56AC4600D4E26C /* CategoryVM.swift */; };
		0D96C3C32A56AC9900D4E26C /* CategorySection.swift in Sources */ = {isa = PBXBuildFile; fileRef = 0D96C3C22A56AC9900D4E26C /* CategorySection.swift */; };
		0D96C3C52A56AD0600D4E26C /* CategoryModel.swift in Sources */ = {isa = PBXBuildFile; fileRef = 0D96C3C42A56AD0600D4E26C /* CategoryModel.swift */; };
		0D96C3CA2A56AF3F00D4E26C /* String+Extension.swift in Sources */ = {isa = PBXBuildFile; fileRef = 0D96C3B42A54561B00D4E26C /* String+Extension.swift */; };
		0D96C3CC2A56AFBE00D4E26C /* ModernListModeling.swift in Sources */ = {isa = PBXBuildFile; fileRef = 0D96C3CB2A56AFBE00D4E26C /* ModernListModeling.swift */; };
		0D96C3CF2A56B18700D4E26C /* ViewModelDelegating.swift in Sources */ = {isa = PBXBuildFile; fileRef = 0D96C3CE2A56B18700D4E26C /* ViewModelDelegating.swift */; };
		0D96C3D12A56B1D000D4E26C /* GenericError.swift in Sources */ = {isa = PBXBuildFile; fileRef = 0D96C3D02A56B1D000D4E26C /* GenericError.swift */; };
		0D96C3D32A56B20100D4E26C /* UIViewController+Extension.swift in Sources */ = {isa = PBXBuildFile; fileRef = 0D96C3D22A56B20100D4E26C /* UIViewController+Extension.swift */; };
		0D96C3D52A56B27D00D4E26C /* CellRegistrationFactory.swift in Sources */ = {isa = PBXBuildFile; fileRef = 0D96C3D42A56B27D00D4E26C /* CellRegistrationFactory.swift */; };
		0D96C3D72A56B2FB00D4E26C /* CategoryCVCell.swift in Sources */ = {isa = PBXBuildFile; fileRef = 0D96C3D62A56B2FB00D4E26C /* CategoryCVCell.swift */; };
		0D96C3DA2A56B85C00D4E26C /* CVSupplementaryViewLabel.swift in Sources */ = {isa = PBXBuildFile; fileRef = 0D96C3D92A56B85C00D4E26C /* CVSupplementaryViewLabel.swift */; };
		0D96C3DC2A56CA3300D4E26C /* CellLayoutFactory.swift in Sources */ = {isa = PBXBuildFile; fileRef = 0D96C3DB2A56CA3300D4E26C /* CellLayoutFactory.swift */; };
		0D96C3DE2A56CB2300D4E26C /* NSCollectionLayoutEnvironment+Extension.swift in Sources */ = {isa = PBXBuildFile; fileRef = 0D96C3DD2A56CB2300D4E26C /* NSCollectionLayoutEnvironment+Extension.swift */; };
		0D96C3DF2A56CFA100D4E26C /* NYUI.framework in Frameworks */ = {isa = PBXBuildFile; fileRef = 0DC562D12A51E9DD00381599 /* NYUI.framework */; };
		0D96C3E02A56CFA100D4E26C /* NYUI.framework in Embed Frameworks */ = {isa = PBXBuildFile; fileRef = 0DC562D12A51E9DD00381599 /* NYUI.framework */; settings = {ATTRIBUTES = (CodeSignOnCopy, RemoveHeadersOnCopy, ); }; };
		0D96C3E42A56D52100D4E26C /* EmptyMessageCell.swift in Sources */ = {isa = PBXBuildFile; fileRef = 0D96C3E32A56D52100D4E26C /* EmptyMessageCell.swift */; };
		0D96C3E62A56D5F900D4E26C /* DirectionType.swift in Sources */ = {isa = PBXBuildFile; fileRef = 0D96C3E52A56D5F900D4E26C /* DirectionType.swift */; };
		0DC562842A51E8A700381599 /* AppDelegate.swift in Sources */ = {isa = PBXBuildFile; fileRef = 0DC562832A51E8A700381599 /* AppDelegate.swift */; };
		0DC562882A51E8A700381599 /* CategoryVC.swift in Sources */ = {isa = PBXBuildFile; fileRef = 0DC562872A51E8A700381599 /* CategoryVC.swift */; };
		0DC5628D2A51E8A900381599 /* Assets.xcassets in Resources */ = {isa = PBXBuildFile; fileRef = 0DC5628C2A51E8A900381599 /* Assets.xcassets */; };
		0DC562902A51E8A900381599 /* LaunchScreen.storyboard in Resources */ = {isa = PBXBuildFile; fileRef = 0DC5628E2A51E8A900381599 /* LaunchScreen.storyboard */; };
		0DC562A02A51E8EF00381599 /* NYModels.docc in Sources */ = {isa = PBXBuildFile; fileRef = 0DC5629F2A51E8EF00381599 /* NYModels.docc */; };
		0DC562AE2A51E8EF00381599 /* NYModels.h in Headers */ = {isa = PBXBuildFile; fileRef = 0DC5629E2A51E8EF00381599 /* NYModels.h */; settings = {ATTRIBUTES = (Public, ); }; };
		0DC562B12A51E8EF00381599 /* NYModels.framework in Frameworks */ = {isa = PBXBuildFile; fileRef = 0DC5629C2A51E8EF00381599 /* NYModels.framework */; };
		0DC562B22A51E8EF00381599 /* NYModels.framework in Embed Frameworks */ = {isa = PBXBuildFile; fileRef = 0DC5629C2A51E8EF00381599 /* NYModels.framework */; settings = {ATTRIBUTES = (CodeSignOnCopy, RemoveHeadersOnCopy, ); }; };
		0DC562C32A51E99200381599 /* NYNetworking.docc in Sources */ = {isa = PBXBuildFile; fileRef = 0DC562C22A51E99200381599 /* NYNetworking.docc */; };
		0DC562C42A51E99200381599 /* NYNetworking.h in Headers */ = {isa = PBXBuildFile; fileRef = 0DC562C12A51E99200381599 /* NYNetworking.h */; settings = {ATTRIBUTES = (Public, ); }; };
		0DC562C72A51E99200381599 /* NYNetworking.framework in Frameworks */ = {isa = PBXBuildFile; fileRef = 0DC562BF2A51E99200381599 /* NYNetworking.framework */; };
		0DC562C82A51E99200381599 /* NYNetworking.framework in Embed Frameworks */ = {isa = PBXBuildFile; fileRef = 0DC562BF2A51E99200381599 /* NYNetworking.framework */; settings = {ATTRIBUTES = (CodeSignOnCopy, RemoveHeadersOnCopy, ); }; };
		0DC562D52A51E9DD00381599 /* NYUI.docc in Sources */ = {isa = PBXBuildFile; fileRef = 0DC562D42A51E9DD00381599 /* NYUI.docc */; };
		0DC562D62A51E9DD00381599 /* NYUI.h in Headers */ = {isa = PBXBuildFile; fileRef = 0DC562D32A51E9DD00381599 /* NYUI.h */; settings = {ATTRIBUTES = (Public, ); }; };
		0DC562D92A51E9DD00381599 /* NYUI.framework in Frameworks */ = {isa = PBXBuildFile; fileRef = 0DC562D12A51E9DD00381599 /* NYUI.framework */; };
		0DC562DA2A51E9DD00381599 /* NYUI.framework in Embed Frameworks */ = {isa = PBXBuildFile; fileRef = 0DC562D12A51E9DD00381599 /* NYUI.framework */; settings = {ATTRIBUTES = (CodeSignOnCopy, RemoveHeadersOnCopy, ); }; };
		0DC562E72A51E9F300381599 /* NYUtilities.docc in Sources */ = {isa = PBXBuildFile; fileRef = 0DC562E62A51E9F300381599 /* NYUtilities.docc */; };
		0DC562E82A51E9F300381599 /* NYUtilities.h in Headers */ = {isa = PBXBuildFile; fileRef = 0DC562E52A51E9F300381599 /* NYUtilities.h */; settings = {ATTRIBUTES = (Public, ); }; };
		0DC562EB2A51E9F300381599 /* NYUtilities.framework in Frameworks */ = {isa = PBXBuildFile; fileRef = 0DC562E32A51E9F300381599 /* NYUtilities.framework */; };
		0DC562EC2A51E9F300381599 /* NYUtilities.framework in Embed Frameworks */ = {isa = PBXBuildFile; fileRef = 0DC562E32A51E9F300381599 /* NYUtilities.framework */; settings = {ATTRIBUTES = (CodeSignOnCopy, RemoveHeadersOnCopy, ); }; };
		0DC562F92A51EA0B00381599 /* NYViewModels.docc in Sources */ = {isa = PBXBuildFile; fileRef = 0DC562F82A51EA0B00381599 /* NYViewModels.docc */; };
		0DC562FA2A51EA0B00381599 /* NYViewModels.h in Headers */ = {isa = PBXBuildFile; fileRef = 0DC562F72A51EA0B00381599 /* NYViewModels.h */; settings = {ATTRIBUTES = (Public, ); }; };
		0DC562FD2A51EA0B00381599 /* NYViewModels.framework in Frameworks */ = {isa = PBXBuildFile; fileRef = 0DC562F52A51EA0B00381599 /* NYViewModels.framework */; };
		0DC562FE2A51EA0B00381599 /* NYViewModels.framework in Embed Frameworks */ = {isa = PBXBuildFile; fileRef = 0DC562F52A51EA0B00381599 /* NYViewModels.framework */; settings = {ATTRIBUTES = (CodeSignOnCopy, RemoveHeadersOnCopy, ); }; };
		0DC563032A51EA7000381599 /* NYUtilities.framework in Frameworks */ = {isa = PBXBuildFile; fileRef = 0DC562E32A51E9F300381599 /* NYUtilities.framework */; };
		0DC563042A51EA7000381599 /* NYUtilities.framework in Embed Frameworks */ = {isa = PBXBuildFile; fileRef = 0DC562E32A51E9F300381599 /* NYUtilities.framework */; settings = {ATTRIBUTES = (CodeSignOnCopy, RemoveHeadersOnCopy, ); }; };
		0DC563082A51EA7F00381599 /* NYUtilities.framework in Frameworks */ = {isa = PBXBuildFile; fileRef = 0DC562E32A51E9F300381599 /* NYUtilities.framework */; };
		0DC563092A51EA7F00381599 /* NYUtilities.framework in Embed Frameworks */ = {isa = PBXBuildFile; fileRef = 0DC562E32A51E9F300381599 /* NYUtilities.framework */; settings = {ATTRIBUTES = (CodeSignOnCopy, RemoveHeadersOnCopy, ); }; };
		0DC5630D2A51EA8500381599 /* NYModels.framework in Frameworks */ = {isa = PBXBuildFile; fileRef = 0DC5629C2A51E8EF00381599 /* NYModels.framework */; };
		0DC5630E2A51EA8500381599 /* NYModels.framework in Embed Frameworks */ = {isa = PBXBuildFile; fileRef = 0DC5629C2A51E8EF00381599 /* NYModels.framework */; settings = {ATTRIBUTES = (CodeSignOnCopy, RemoveHeadersOnCopy, ); }; };
		0DC563112A51EA9100381599 /* NYUtilities.framework in Frameworks */ = {isa = PBXBuildFile; fileRef = 0DC562E32A51E9F300381599 /* NYUtilities.framework */; };
		0DC563162A51EA9500381599 /* NYModels.framework in Frameworks */ = {isa = PBXBuildFile; fileRef = 0DC5629C2A51E8EF00381599 /* NYModels.framework */; };
		0DC5631A2A51EAAD00381599 /* NYUtilities.framework in Frameworks */ = {isa = PBXBuildFile; fileRef = 0DC562E32A51E9F300381599 /* NYUtilities.framework */; };
		0DC5631B2A51EAAD00381599 /* NYUtilities.framework in Embed Frameworks */ = {isa = PBXBuildFile; fileRef = 0DC562E32A51E9F300381599 /* NYUtilities.framework */; settings = {ATTRIBUTES = (CodeSignOnCopy, RemoveHeadersOnCopy, ); }; };
		0DC5631F2A51EAB200381599 /* NYModels.framework in Frameworks */ = {isa = PBXBuildFile; fileRef = 0DC5629C2A51E8EF00381599 /* NYModels.framework */; };
		0DC563202A51EAB200381599 /* NYModels.framework in Embed Frameworks */ = {isa = PBXBuildFile; fileRef = 0DC5629C2A51E8EF00381599 /* NYModels.framework */; settings = {ATTRIBUTES = (CodeSignOnCopy, RemoveHeadersOnCopy, ); }; };
		0DC563232A51EAB500381599 /* NYNetworking.framework in Frameworks */ = {isa = PBXBuildFile; fileRef = 0DC562BF2A51E99200381599 /* NYNetworking.framework */; };
		0DC563242A51EAB500381599 /* NYNetworking.framework in Embed Frameworks */ = {isa = PBXBuildFile; fileRef = 0DC562BF2A51E99200381599 /* NYNetworking.framework */; settings = {ATTRIBUTES = (CodeSignOnCopy, RemoveHeadersOnCopy, ); }; };
/* End PBXBuildFile section */

/* Begin PBXContainerItemProxy section */
		0D96C3E12A56CFA100D4E26C /* PBXContainerItemProxy */ = {
			isa = PBXContainerItemProxy;
			containerPortal = 0DC562782A51E8A700381599 /* Project object */;
			proxyType = 1;
			remoteGlobalIDString = 0DC562D02A51E9DD00381599;
			remoteInfo = NYUI;
		};
		0DC562AF2A51E8EF00381599 /* PBXContainerItemProxy */ = {
			isa = PBXContainerItemProxy;
			containerPortal = 0DC562782A51E8A700381599 /* Project object */;
			proxyType = 1;
			remoteGlobalIDString = 0DC5629B2A51E8EF00381599;
			remoteInfo = NYModels;
		};
		0DC562C52A51E99200381599 /* PBXContainerItemProxy */ = {
			isa = PBXContainerItemProxy;
			containerPortal = 0DC562782A51E8A700381599 /* Project object */;
			proxyType = 1;
			remoteGlobalIDString = 0DC562BE2A51E99200381599;
			remoteInfo = NYNetworking;
		};
		0DC562D72A51E9DD00381599 /* PBXContainerItemProxy */ = {
			isa = PBXContainerItemProxy;
			containerPortal = 0DC562782A51E8A700381599 /* Project object */;
			proxyType = 1;
			remoteGlobalIDString = 0DC562D02A51E9DD00381599;
			remoteInfo = NYUI;
		};
		0DC562E92A51E9F300381599 /* PBXContainerItemProxy */ = {
			isa = PBXContainerItemProxy;
			containerPortal = 0DC562782A51E8A700381599 /* Project object */;
			proxyType = 1;
			remoteGlobalIDString = 0DC562E22A51E9F300381599;
			remoteInfo = NYUtilities;
		};
		0DC562FB2A51EA0B00381599 /* PBXContainerItemProxy */ = {
			isa = PBXContainerItemProxy;
			containerPortal = 0DC562782A51E8A700381599 /* Project object */;
			proxyType = 1;
			remoteGlobalIDString = 0DC562F42A51EA0B00381599;
			remoteInfo = NYViewModels;
		};
		0DC563052A51EA7000381599 /* PBXContainerItemProxy */ = {
			isa = PBXContainerItemProxy;
			containerPortal = 0DC562782A51E8A700381599 /* Project object */;
			proxyType = 1;
			remoteGlobalIDString = 0DC562E22A51E9F300381599;
			remoteInfo = NYUtilities;
		};
		0DC5630A2A51EA7F00381599 /* PBXContainerItemProxy */ = {
			isa = PBXContainerItemProxy;
			containerPortal = 0DC562782A51E8A700381599 /* Project object */;
			proxyType = 1;
			remoteGlobalIDString = 0DC562E22A51E9F300381599;
			remoteInfo = NYUtilities;
		};
		0DC5630F2A51EA8500381599 /* PBXContainerItemProxy */ = {
			isa = PBXContainerItemProxy;
			containerPortal = 0DC562782A51E8A700381599 /* Project object */;
			proxyType = 1;
			remoteGlobalIDString = 0DC5629B2A51E8EF00381599;
			remoteInfo = NYModels;
		};
		0DC563132A51EA9100381599 /* PBXContainerItemProxy */ = {
			isa = PBXContainerItemProxy;
			containerPortal = 0DC562782A51E8A700381599 /* Project object */;
			proxyType = 1;
			remoteGlobalIDString = 0DC562E22A51E9F300381599;
			remoteInfo = NYUtilities;
		};
		0DC563182A51EA9500381599 /* PBXContainerItemProxy */ = {
			isa = PBXContainerItemProxy;
			containerPortal = 0DC562782A51E8A700381599 /* Project object */;
			proxyType = 1;
			remoteGlobalIDString = 0DC5629B2A51E8EF00381599;
			remoteInfo = NYModels;
		};
		0DC5631C2A51EAAD00381599 /* PBXContainerItemProxy */ = {
			isa = PBXContainerItemProxy;
			containerPortal = 0DC562782A51E8A700381599 /* Project object */;
			proxyType = 1;
			remoteGlobalIDString = 0DC562E22A51E9F300381599;
			remoteInfo = NYUtilities;
		};
		0DC563212A51EAB200381599 /* PBXContainerItemProxy */ = {
			isa = PBXContainerItemProxy;
			containerPortal = 0DC562782A51E8A700381599 /* Project object */;
			proxyType = 1;
			remoteGlobalIDString = 0DC5629B2A51E8EF00381599;
			remoteInfo = NYModels;
		};
		0DC563252A51EAB500381599 /* PBXContainerItemProxy */ = {
			isa = PBXContainerItemProxy;
			containerPortal = 0DC562782A51E8A700381599 /* Project object */;
			proxyType = 1;
			remoteGlobalIDString = 0DC562BE2A51E99200381599;
			remoteInfo = NYNetworking;
		};
/* End PBXContainerItemProxy section */

/* Begin PBXCopyFilesBuildPhase section */
		0DC562B62A51E8EF00381599 /* Embed Frameworks */ = {
			isa = PBXCopyFilesBuildPhase;
			buildActionMask = 2147483647;
			dstPath = "";
			dstSubfolderSpec = 10;
			files = (
				0DC562EC2A51E9F300381599 /* NYUtilities.framework in Embed Frameworks */,
				0DC562DA2A51E9DD00381599 /* NYUI.framework in Embed Frameworks */,
				0DC562B22A51E8EF00381599 /* NYModels.framework in Embed Frameworks */,
				0DC562FE2A51EA0B00381599 /* NYViewModels.framework in Embed Frameworks */,
				0DC562C82A51E99200381599 /* NYNetworking.framework in Embed Frameworks */,
			);
			name = "Embed Frameworks";
			runOnlyForDeploymentPostprocessing = 0;
		};
		0DC563072A51EA7000381599 /* Embed Frameworks */ = {
			isa = PBXCopyFilesBuildPhase;
			buildActionMask = 2147483647;
			dstPath = "";
			dstSubfolderSpec = 10;
			files = (
				0DC563042A51EA7000381599 /* NYUtilities.framework in Embed Frameworks */,
			);
			name = "Embed Frameworks";
			runOnlyForDeploymentPostprocessing = 0;
		};
		0DC5630C2A51EA7F00381599 /* Embed Frameworks */ = {
			isa = PBXCopyFilesBuildPhase;
			buildActionMask = 2147483647;
			dstPath = "";
			dstSubfolderSpec = 10;
			files = (
				0DC563092A51EA7F00381599 /* NYUtilities.framework in Embed Frameworks */,
				0DC5630E2A51EA8500381599 /* NYModels.framework in Embed Frameworks */,
			);
			name = "Embed Frameworks";
			runOnlyForDeploymentPostprocessing = 0;
		};
		0DC5631E2A51EAAD00381599 /* Embed Frameworks */ = {
			isa = PBXCopyFilesBuildPhase;
			buildActionMask = 2147483647;
			dstPath = "";
			dstSubfolderSpec = 10;
			files = (
				0DC5631B2A51EAAD00381599 /* NYUtilities.framework in Embed Frameworks */,
				0DC563242A51EAB500381599 /* NYNetworking.framework in Embed Frameworks */,
				0DC563202A51EAB200381599 /* NYModels.framework in Embed Frameworks */,
				0D96C3E02A56CFA100D4E26C /* NYUI.framework in Embed Frameworks */,
			);
			name = "Embed Frameworks";
			runOnlyForDeploymentPostprocessing = 0;
		};
/* End PBXCopyFilesBuildPhase section */

/* Begin PBXFileReference section */
		0D5AB4082A580B53004FC615 /* NetworkRequestManager.swift */ = {isa = PBXFileReference; lastKnownFileType = sourcecode.swift; path = NetworkRequestManager.swift; sourceTree = "<group>"; };
		0D5AB40A2A580BBA004FC615 /* DateFormatter+Extension.swift */ = {isa = PBXFileReference; lastKnownFileType = sourcecode.swift; path = "DateFormatter+Extension.swift"; sourceTree = "<group>"; };
		0D5AB40D2A580C1A004FC615 /* JSONDecoder+Extension.swift */ = {isa = PBXFileReference; lastKnownFileType = sourcecode.swift; path = "JSONDecoder+Extension.swift"; sourceTree = "<group>"; };
		0D5AB4102A580C4B004FC615 /* API.swift */ = {isa = PBXFileReference; lastKnownFileType = sourcecode.swift; path = API.swift; sourceTree = "<group>"; };
		0D5AB4122A580CB3004FC615 /* EmptyRequest.swift */ = {isa = PBXFileReference; lastKnownFileType = sourcecode.swift; path = EmptyRequest.swift; sourceTree = "<group>"; };
		0D5AB4152A580D13004FC615 /* BaseUrlType.swift */ = {isa = PBXFileReference; lastKnownFileType = sourcecode.swift; path = BaseUrlType.swift; sourceTree = "<group>"; };
		0D5AB4172A580D86004FC615 /* HTTPMethodType.swift */ = {isa = PBXFileReference; lastKnownFileType = sourcecode.swift; path = HTTPMethodType.swift; sourceTree = "<group>"; };
		0D5AB41A2A581B43004FC615 /* AppKey.swift */ = {isa = PBXFileReference; lastKnownFileType = sourcecode.swift; path = AppKey.swift; sourceTree = "<group>"; };
		0D5AB41C2A581DBE004FC615 /* BookNamesAPI.swift */ = {isa = PBXFileReference; lastKnownFileType = sourcecode.swift; path = BookNamesAPI.swift; sourceTree = "<group>"; };
		0D5AB41E2A581E21004FC615 /* BookNamesResponse.swift */ = {isa = PBXFileReference; lastKnownFileType = sourcecode.swift; path = BookNamesResponse.swift; sourceTree = "<group>"; };
		0D5AB4212A5825E3004FC615 /* BookData.swift */ = {isa = PBXFileReference; lastKnownFileType = sourcecode.swift; path = BookData.swift; sourceTree = "<group>"; };
		0D5AB4232A582F8D004FC615 /* UIStackView+Extension.swift */ = {isa = PBXFileReference; lastKnownFileType = sourcecode.swift; path = "UIStackView+Extension.swift"; sourceTree = "<group>"; };
		0D96C3AC2A5454C200D4E26C /* ViewLoadableVC.swift */ = {isa = PBXFileReference; lastKnownFileType = sourcecode.swift; path = ViewLoadableVC.swift; sourceTree = "<group>"; };
		0D96C3AE2A54559E00D4E26C /* ViewLoadable.swift */ = {isa = PBXFileReference; lastKnownFileType = sourcecode.swift; path = ViewLoadable.swift; sourceTree = "<group>"; };
		0D96C3B02A5455D900D4E26C /* TableView.swift */ = {isa = PBXFileReference; lastKnownFileType = sourcecode.swift; path = TableView.swift; sourceTree = "<group>"; };
		0D96C3B22A5455F800D4E26C /* CollectionView.swift */ = {isa = PBXFileReference; lastKnownFileType = sourcecode.swift; path = CollectionView.swift; sourceTree = "<group>"; };
		0D96C3B42A54561B00D4E26C /* String+Extension.swift */ = {isa = PBXFileReference; lastKnownFileType = sourcecode.swift; path = "String+Extension.swift"; sourceTree = "<group>"; };
		0D96C3B62A5457BE00D4E26C /* UIView+Extension.swift */ = {isa = PBXFileReference; lastKnownFileType = sourcecode.swift; path = "UIView+Extension.swift"; sourceTree = "<group>"; };
		0D96C3BB2A569B3D00D4E26C /* CategoryView.swift */ = {isa = PBXFileReference; lastKnownFileType = sourcecode.swift; path = CategoryView.swift; sourceTree = "<group>"; };
		0D96C3BD2A56ABF200D4E26C /* ModernListVM.swift */ = {isa = PBXFileReference; lastKnownFileType = sourcecode.swift; path = ModernListVM.swift; sourceTree = "<group>"; };
		0D96C3BF2A56AC4600D4E26C /* CategoryVM.swift */ = {isa = PBXFileReference; lastKnownFileType = sourcecode.swift; path = CategoryVM.swift; sourceTree = "<group>"; };
		0D96C3C22A56AC9900D4E26C /* CategorySection.swift */ = {isa = PBXFileReference; lastKnownFileType = sourcecode.swift; path = CategorySection.swift; sourceTree = "<group>"; };
		0D96C3C42A56AD0600D4E26C /* CategoryModel.swift */ = {isa = PBXFileReference; lastKnownFileType = sourcecode.swift; path = CategoryModel.swift; sourceTree = "<group>"; };
		0D96C3CB2A56AFBE00D4E26C /* ModernListModeling.swift */ = {isa = PBXFileReference; lastKnownFileType = sourcecode.swift; path = ModernListModeling.swift; sourceTree = "<group>"; };
		0D96C3CE2A56B18700D4E26C /* ViewModelDelegating.swift */ = {isa = PBXFileReference; lastKnownFileType = sourcecode.swift; path = ViewModelDelegating.swift; sourceTree = "<group>"; };
		0D96C3D02A56B1D000D4E26C /* GenericError.swift */ = {isa = PBXFileReference; lastKnownFileType = sourcecode.swift; path = GenericError.swift; sourceTree = "<group>"; };
		0D96C3D22A56B20100D4E26C /* UIViewController+Extension.swift */ = {isa = PBXFileReference; lastKnownFileType = sourcecode.swift; path = "UIViewController+Extension.swift"; sourceTree = "<group>"; };
		0D96C3D42A56B27D00D4E26C /* CellRegistrationFactory.swift */ = {isa = PBXFileReference; lastKnownFileType = sourcecode.swift; path = CellRegistrationFactory.swift; sourceTree = "<group>"; };
		0D96C3D62A56B2FB00D4E26C /* CategoryCVCell.swift */ = {isa = PBXFileReference; lastKnownFileType = sourcecode.swift; path = CategoryCVCell.swift; sourceTree = "<group>"; };
		0D96C3D92A56B85C00D4E26C /* CVSupplementaryViewLabel.swift */ = {isa = PBXFileReference; lastKnownFileType = sourcecode.swift; path = CVSupplementaryViewLabel.swift; sourceTree = "<group>"; };
		0D96C3DB2A56CA3300D4E26C /* CellLayoutFactory.swift */ = {isa = PBXFileReference; lastKnownFileType = sourcecode.swift; path = CellLayoutFactory.swift; sourceTree = "<group>"; };
		0D96C3DD2A56CB2300D4E26C /* NSCollectionLayoutEnvironment+Extension.swift */ = {isa = PBXFileReference; lastKnownFileType = sourcecode.swift; path = "NSCollectionLayoutEnvironment+Extension.swift"; sourceTree = "<group>"; };
		0D96C3E32A56D52100D4E26C /* EmptyMessageCell.swift */ = {isa = PBXFileReference; lastKnownFileType = sourcecode.swift; path = EmptyMessageCell.swift; sourceTree = "<group>"; };
		0D96C3E52A56D5F900D4E26C /* DirectionType.swift */ = {isa = PBXFileReference; lastKnownFileType = sourcecode.swift; path = DirectionType.swift; sourceTree = "<group>"; };
		0DC562802A51E8A700381599 /* NewYorkTimesViacheslavMarkov.app */ = {isa = PBXFileReference; explicitFileType = wrapper.application; includeInIndex = 0; path = NewYorkTimesViacheslavMarkov.app; sourceTree = BUILT_PRODUCTS_DIR; };
		0DC562832A51E8A700381599 /* AppDelegate.swift */ = {isa = PBXFileReference; lastKnownFileType = sourcecode.swift; path = AppDelegate.swift; sourceTree = "<group>"; };
		0DC562872A51E8A700381599 /* CategoryVC.swift */ = {isa = PBXFileReference; lastKnownFileType = sourcecode.swift; path = CategoryVC.swift; sourceTree = "<group>"; };
		0DC5628C2A51E8A900381599 /* Assets.xcassets */ = {isa = PBXFileReference; lastKnownFileType = folder.assetcatalog; path = Assets.xcassets; sourceTree = "<group>"; };
		0DC5628F2A51E8A900381599 /* Base */ = {isa = PBXFileReference; lastKnownFileType = file.storyboard; name = Base; path = Base.lproj/LaunchScreen.storyboard; sourceTree = "<group>"; };
		0DC562912A51E8A900381599 /* Info.plist */ = {isa = PBXFileReference; lastKnownFileType = text.plist.xml; path = Info.plist; sourceTree = "<group>"; };
		0DC5629C2A51E8EF00381599 /* NYModels.framework */ = {isa = PBXFileReference; explicitFileType = wrapper.framework; includeInIndex = 0; path = NYModels.framework; sourceTree = BUILT_PRODUCTS_DIR; };
		0DC5629E2A51E8EF00381599 /* NYModels.h */ = {isa = PBXFileReference; lastKnownFileType = sourcecode.c.h; path = NYModels.h; sourceTree = "<group>"; };
		0DC5629F2A51E8EF00381599 /* NYModels.docc */ = {isa = PBXFileReference; lastKnownFileType = folder.documentationcatalog; path = NYModels.docc; sourceTree = "<group>"; };
		0DC562BF2A51E99200381599 /* NYNetworking.framework */ = {isa = PBXFileReference; explicitFileType = wrapper.framework; includeInIndex = 0; path = NYNetworking.framework; sourceTree = BUILT_PRODUCTS_DIR; };
		0DC562C12A51E99200381599 /* NYNetworking.h */ = {isa = PBXFileReference; lastKnownFileType = sourcecode.c.h; path = NYNetworking.h; sourceTree = "<group>"; };
		0DC562C22A51E99200381599 /* NYNetworking.docc */ = {isa = PBXFileReference; lastKnownFileType = folder.documentationcatalog; path = NYNetworking.docc; sourceTree = "<group>"; };
		0DC562D12A51E9DD00381599 /* NYUI.framework */ = {isa = PBXFileReference; explicitFileType = wrapper.framework; includeInIndex = 0; path = NYUI.framework; sourceTree = BUILT_PRODUCTS_DIR; };
		0DC562D32A51E9DD00381599 /* NYUI.h */ = {isa = PBXFileReference; lastKnownFileType = sourcecode.c.h; path = NYUI.h; sourceTree = "<group>"; };
		0DC562D42A51E9DD00381599 /* NYUI.docc */ = {isa = PBXFileReference; lastKnownFileType = folder.documentationcatalog; path = NYUI.docc; sourceTree = "<group>"; };
		0DC562E32A51E9F300381599 /* NYUtilities.framework */ = {isa = PBXFileReference; explicitFileType = wrapper.framework; includeInIndex = 0; path = NYUtilities.framework; sourceTree = BUILT_PRODUCTS_DIR; };
		0DC562E52A51E9F300381599 /* NYUtilities.h */ = {isa = PBXFileReference; lastKnownFileType = sourcecode.c.h; path = NYUtilities.h; sourceTree = "<group>"; };
		0DC562E62A51E9F300381599 /* NYUtilities.docc */ = {isa = PBXFileReference; lastKnownFileType = folder.documentationcatalog; path = NYUtilities.docc; sourceTree = "<group>"; };
		0DC562F52A51EA0B00381599 /* NYViewModels.framework */ = {isa = PBXFileReference; explicitFileType = wrapper.framework; includeInIndex = 0; path = NYViewModels.framework; sourceTree = BUILT_PRODUCTS_DIR; };
		0DC562F72A51EA0B00381599 /* NYViewModels.h */ = {isa = PBXFileReference; lastKnownFileType = sourcecode.c.h; path = NYViewModels.h; sourceTree = "<group>"; };
		0DC562F82A51EA0B00381599 /* NYViewModels.docc */ = {isa = PBXFileReference; lastKnownFileType = folder.documentationcatalog; path = NYViewModels.docc; sourceTree = "<group>"; };
/* End PBXFileReference section */

/* Begin PBXFrameworksBuildPhase section */
		0DC5627D2A51E8A700381599 /* Frameworks */ = {
			isa = PBXFrameworksBuildPhase;
			buildActionMask = 2147483647;
			files = (
				0DC562EB2A51E9F300381599 /* NYUtilities.framework in Frameworks */,
				0DC562D92A51E9DD00381599 /* NYUI.framework in Frameworks */,
				0DC562B12A51E8EF00381599 /* NYModels.framework in Frameworks */,
				0DC562FD2A51EA0B00381599 /* NYViewModels.framework in Frameworks */,
				0DC562C72A51E99200381599 /* NYNetworking.framework in Frameworks */,
			);
			runOnlyForDeploymentPostprocessing = 0;
		};
		0DC562992A51E8EF00381599 /* Frameworks */ = {
			isa = PBXFrameworksBuildPhase;
			buildActionMask = 2147483647;
			files = (
				0DC563032A51EA7000381599 /* NYUtilities.framework in Frameworks */,
			);
			runOnlyForDeploymentPostprocessing = 0;
		};
		0DC562BC2A51E99200381599 /* Frameworks */ = {
			isa = PBXFrameworksBuildPhase;
			buildActionMask = 2147483647;
			files = (
				0DC563082A51EA7F00381599 /* NYUtilities.framework in Frameworks */,
				0DC5630D2A51EA8500381599 /* NYModels.framework in Frameworks */,
			);
			runOnlyForDeploymentPostprocessing = 0;
		};
		0DC562CE2A51E9DD00381599 /* Frameworks */ = {
			isa = PBXFrameworksBuildPhase;
			buildActionMask = 2147483647;
			files = (
				0DC563112A51EA9100381599 /* NYUtilities.framework in Frameworks */,
				0DC563162A51EA9500381599 /* NYModels.framework in Frameworks */,
			);
			runOnlyForDeploymentPostprocessing = 0;
		};
		0DC562E02A51E9F300381599 /* Frameworks */ = {
			isa = PBXFrameworksBuildPhase;
			buildActionMask = 2147483647;
			files = (
			);
			runOnlyForDeploymentPostprocessing = 0;
		};
		0DC562F22A51EA0B00381599 /* Frameworks */ = {
			isa = PBXFrameworksBuildPhase;
			buildActionMask = 2147483647;
			files = (
				0DC5631A2A51EAAD00381599 /* NYUtilities.framework in Frameworks */,
				0DC563232A51EAB500381599 /* NYNetworking.framework in Frameworks */,
				0DC5631F2A51EAB200381599 /* NYModels.framework in Frameworks */,
				0D96C3DF2A56CFA100D4E26C /* NYUI.framework in Frameworks */,
			);
			runOnlyForDeploymentPostprocessing = 0;
		};
/* End PBXFrameworksBuildPhase section */

/* Begin PBXGroup section */
		0D5AB40C2A580BCA004FC615 /* Extensions */ = {
			isa = PBXGroup;
			children = (
				0D5AB40A2A580BBA004FC615 /* DateFormatter+Extension.swift */,
			);
			path = Extensions;
			sourceTree = "<group>";
		};
		0D5AB40F2A580C2C004FC615 /* Extensions */ = {
			isa = PBXGroup;
			children = (
				0D5AB40D2A580C1A004FC615 /* JSONDecoder+Extension.swift */,
			);
			path = Extensions;
			sourceTree = "<group>";
		};
		0D5AB4142A580CB9004FC615 /* Requests */ = {
			isa = PBXGroup;
			children = (
				0D5AB4122A580CB3004FC615 /* EmptyRequest.swift */,
				0D5AB41C2A581DBE004FC615 /* BookNamesAPI.swift */,
			);
			path = Requests;
			sourceTree = "<group>";
		};
		0D5AB4202A5825D5004FC615 /* Books */ = {
			isa = PBXGroup;
			children = (
				0D5AB41E2A581E21004FC615 /* BookNamesResponse.swift */,
				0D5AB4212A5825E3004FC615 /* BookData.swift */,
			);
			path = Books;
			sourceTree = "<group>";
		};
		0D96C3B82A569AF500D4E26C /* Resources */ = {
			isa = PBXGroup;
			children = (
				0D96C3AC2A5454C200D4E26C /* ViewLoadableVC.swift */,
				0D96C3AE2A54559E00D4E26C /* ViewLoadable.swift */,
				0D96C3D42A56B27D00D4E26C /* CellRegistrationFactory.swift */,
				0D96C3DB2A56CA3300D4E26C /* CellLayoutFactory.swift */,
			);
			path = Resources;
			sourceTree = "<group>";
		};
		0D96C3B92A569B0400D4E26C /* Views */ = {
			isa = PBXGroup;
			children = (
				0D96C3B02A5455D900D4E26C /* TableView.swift */,
				0D96C3B22A5455F800D4E26C /* CollectionView.swift */,
				0D96C3BB2A569B3D00D4E26C /* CategoryView.swift */,
			);
			path = Views;
			sourceTree = "<group>";
		};
		0D96C3BA2A569B1100D4E26C /* Extensions */ = {
			isa = PBXGroup;
			children = (
				0D96C3B42A54561B00D4E26C /* String+Extension.swift */,
				0D96C3B62A5457BE00D4E26C /* UIView+Extension.swift */,
				0D96C3D22A56B20100D4E26C /* UIViewController+Extension.swift */,
				0D96C3DD2A56CB2300D4E26C /* NSCollectionLayoutEnvironment+Extension.swift */,
				0D5AB4232A582F8D004FC615 /* UIStackView+Extension.swift */,
			);
			path = Extensions;
			sourceTree = "<group>";
		};
		0D96C3C12A56AC7400D4E26C /* Category */ = {
			isa = PBXGroup;
			children = (
				0D96C3BF2A56AC4600D4E26C /* CategoryVM.swift */,
				0D96C3C22A56AC9900D4E26C /* CategorySection.swift */,
			);
			path = Category;
			sourceTree = "<group>";
		};
		0D96C3CD2A56AFD700D4E26C /* Helpers */ = {
			isa = PBXGroup;
			children = (
				0D96C3CB2A56AFBE00D4E26C /* ModernListModeling.swift */,
				0D96C3BD2A56ABF200D4E26C /* ModernListVM.swift */,
				0D96C3CE2A56B18700D4E26C /* ViewModelDelegating.swift */,
			);
			path = Helpers;
			sourceTree = "<group>";
		};
		0D96C3D82A56B84E00D4E26C /* Cells */ = {
			isa = PBXGroup;
			children = (
				0D96C3D62A56B2FB00D4E26C /* CategoryCVCell.swift */,
				0D96C3D92A56B85C00D4E26C /* CVSupplementaryViewLabel.swift */,
				0D96C3E32A56D52100D4E26C /* EmptyMessageCell.swift */,
			);
			path = Cells;
			sourceTree = "<group>";
		};
		0DC562772A51E8A700381599 = {
			isa = PBXGroup;
			children = (
				0DC562822A51E8A700381599 /* NewYorkTimesViacheslavMarkov */,
				0DC5629D2A51E8EF00381599 /* NYModels */,
				0DC562C02A51E99200381599 /* NYNetworking */,
				0DC562D22A51E9DD00381599 /* NYUI */,
				0DC562E42A51E9F300381599 /* NYUtilities */,
				0DC562F62A51EA0B00381599 /* NYViewModels */,
				0DC562812A51E8A700381599 /* Products */,
				0DC563022A51EA5500381599 /* Frameworks */,
			);
			sourceTree = "<group>";
		};
		0DC562812A51E8A700381599 /* Products */ = {
			isa = PBXGroup;
			children = (
				0DC562802A51E8A700381599 /* NewYorkTimesViacheslavMarkov.app */,
				0DC5629C2A51E8EF00381599 /* NYModels.framework */,
				0DC562BF2A51E99200381599 /* NYNetworking.framework */,
				0DC562D12A51E9DD00381599 /* NYUI.framework */,
				0DC562E32A51E9F300381599 /* NYUtilities.framework */,
				0DC562F52A51EA0B00381599 /* NYViewModels.framework */,
			);
			name = Products;
			sourceTree = "<group>";
		};
		0DC562822A51E8A700381599 /* NewYorkTimesViacheslavMarkov */ = {
			isa = PBXGroup;
			children = (
				0DC562832A51E8A700381599 /* AppDelegate.swift */,
				0DC562872A51E8A700381599 /* CategoryVC.swift */,
				0DC5628C2A51E8A900381599 /* Assets.xcassets */,
				0DC5628E2A51E8A900381599 /* LaunchScreen.storyboard */,
				0DC562912A51E8A900381599 /* Info.plist */,
			);
			path = NewYorkTimesViacheslavMarkov;
			sourceTree = "<group>";
		};
		0DC5629D2A51E8EF00381599 /* NYModels */ = {
			isa = PBXGroup;
			children = (
				0DC5629E2A51E8EF00381599 /* NYModels.h */,
				0DC5629F2A51E8EF00381599 /* NYModels.docc */,
				0D96C3C42A56AD0600D4E26C /* CategoryModel.swift */,
				0D5AB4202A5825D5004FC615 /* Books */,
			);
			path = NYModels;
			sourceTree = "<group>";
		};
		0DC562C02A51E99200381599 /* NYNetworking */ = {
			isa = PBXGroup;
			children = (
				0DC562C12A51E99200381599 /* NYNetworking.h */,
				0DC562C22A51E99200381599 /* NYNetworking.docc */,
				0D5AB4082A580B53004FC615 /* NetworkRequestManager.swift */,
				0D5AB4102A580C4B004FC615 /* API.swift */,
				0D5AB40F2A580C2C004FC615 /* Extensions */,
				0D5AB4142A580CB9004FC615 /* Requests */,
			);
			path = NYNetworking;
			sourceTree = "<group>";
		};
		0DC562D22A51E9DD00381599 /* NYUI */ = {
			isa = PBXGroup;
			children = (
				0DC562D32A51E9DD00381599 /* NYUI.h */,
				0DC562D42A51E9DD00381599 /* NYUI.docc */,
				0D96C3B82A569AF500D4E26C /* Resources */,
				0D96C3B92A569B0400D4E26C /* Views */,
				0D96C3BA2A569B1100D4E26C /* Extensions */,
				0D96C3D82A56B84E00D4E26C /* Cells */,
			);
			path = NYUI;
			sourceTree = "<group>";
		};
		0DC562E42A51E9F300381599 /* NYUtilities */ = {
			isa = PBXGroup;
			children = (
				0DC562E52A51E9F300381599 /* NYUtilities.h */,
				0DC562E62A51E9F300381599 /* NYUtilities.docc */,
				0D96C3D02A56B1D000D4E26C /* GenericError.swift */,
				0D5AB4172A580D86004FC615 /* HTTPMethodType.swift */,
				0D96C3E52A56D5F900D4E26C /* DirectionType.swift */,
				0D5AB40C2A580BCA004FC615 /* Extensions */,
				0D5AB4152A580D13004FC615 /* BaseUrlType.swift */,
				0D5AB41A2A581B43004FC615 /* AppKey.swift */,
			);
			path = NYUtilities;
			sourceTree = "<group>";
		};
		0DC562F62A51EA0B00381599 /* NYViewModels */ = {
			isa = PBXGroup;
			children = (
				0DC562F72A51EA0B00381599 /* NYViewModels.h */,
				0DC562F82A51EA0B00381599 /* NYViewModels.docc */,
				0D96C3C12A56AC7400D4E26C /* Category */,
				0D96C3CD2A56AFD700D4E26C /* Helpers */,
			);
			path = NYViewModels;
			sourceTree = "<group>";
		};
		0DC563022A51EA5500381599 /* Frameworks */ = {
			isa = PBXGroup;
			children = (
			);
			name = Frameworks;
			sourceTree = "<group>";
		};
/* End PBXGroup section */

/* Begin PBXHeadersBuildPhase section */
		0DC562972A51E8EF00381599 /* Headers */ = {
			isa = PBXHeadersBuildPhase;
			buildActionMask = 2147483647;
			files = (
				0DC562AE2A51E8EF00381599 /* NYModels.h in Headers */,
			);
			runOnlyForDeploymentPostprocessing = 0;
		};
		0DC562BA2A51E99200381599 /* Headers */ = {
			isa = PBXHeadersBuildPhase;
			buildActionMask = 2147483647;
			files = (
				0DC562C42A51E99200381599 /* NYNetworking.h in Headers */,
			);
			runOnlyForDeploymentPostprocessing = 0;
		};
		0DC562CC2A51E9DD00381599 /* Headers */ = {
			isa = PBXHeadersBuildPhase;
			buildActionMask = 2147483647;
			files = (
				0DC562D62A51E9DD00381599 /* NYUI.h in Headers */,
			);
			runOnlyForDeploymentPostprocessing = 0;
		};
		0DC562DE2A51E9F300381599 /* Headers */ = {
			isa = PBXHeadersBuildPhase;
			buildActionMask = 2147483647;
			files = (
				0DC562E82A51E9F300381599 /* NYUtilities.h in Headers */,
			);
			runOnlyForDeploymentPostprocessing = 0;
		};
		0DC562F02A51EA0B00381599 /* Headers */ = {
			isa = PBXHeadersBuildPhase;
			buildActionMask = 2147483647;
			files = (
				0DC562FA2A51EA0B00381599 /* NYViewModels.h in Headers */,
			);
			runOnlyForDeploymentPostprocessing = 0;
		};
/* End PBXHeadersBuildPhase section */

/* Begin PBXNativeTarget section */
		0DC5627F2A51E8A700381599 /* NewYorkTimesViacheslavMarkov */ = {
			isa = PBXNativeTarget;
			buildConfigurationList = 0DC562942A51E8A900381599 /* Build configuration list for PBXNativeTarget "NewYorkTimesViacheslavMarkov" */;
			buildPhases = (
				0DC5627C2A51E8A700381599 /* Sources */,
				0DC5627D2A51E8A700381599 /* Frameworks */,
				0DC5627E2A51E8A700381599 /* Resources */,
				0DC562B62A51E8EF00381599 /* Embed Frameworks */,
			);
			buildRules = (
			);
			dependencies = (
				0DC562B02A51E8EF00381599 /* PBXTargetDependency */,
				0DC562C62A51E99200381599 /* PBXTargetDependency */,
				0DC562D82A51E9DD00381599 /* PBXTargetDependency */,
				0DC562EA2A51E9F300381599 /* PBXTargetDependency */,
				0DC562FC2A51EA0B00381599 /* PBXTargetDependency */,
			);
			name = NewYorkTimesViacheslavMarkov;
			productName = NewYorkTimesViacheslavMarkov;
			productReference = 0DC562802A51E8A700381599 /* NewYorkTimesViacheslavMarkov.app */;
			productType = "com.apple.product-type.application";
		};
		0DC5629B2A51E8EF00381599 /* NYModels */ = {
			isa = PBXNativeTarget;
			buildConfigurationList = 0DC562B32A51E8EF00381599 /* Build configuration list for PBXNativeTarget "NYModels" */;
			buildPhases = (
				0DC562972A51E8EF00381599 /* Headers */,
				0DC562982A51E8EF00381599 /* Sources */,
				0DC562992A51E8EF00381599 /* Frameworks */,
				0DC5629A2A51E8EF00381599 /* Resources */,
				0DC563072A51EA7000381599 /* Embed Frameworks */,
			);
			buildRules = (
			);
			dependencies = (
				0DC563062A51EA7000381599 /* PBXTargetDependency */,
			);
			name = NYModels;
			productName = NYModels;
			productReference = 0DC5629C2A51E8EF00381599 /* NYModels.framework */;
			productType = "com.apple.product-type.framework";
		};
		0DC562BE2A51E99200381599 /* NYNetworking */ = {
			isa = PBXNativeTarget;
			buildConfigurationList = 0DC562C92A51E99200381599 /* Build configuration list for PBXNativeTarget "NYNetworking" */;
			buildPhases = (
				0DC562BA2A51E99200381599 /* Headers */,
				0DC562BB2A51E99200381599 /* Sources */,
				0DC562BC2A51E99200381599 /* Frameworks */,
				0DC562BD2A51E99200381599 /* Resources */,
				0DC5630C2A51EA7F00381599 /* Embed Frameworks */,
			);
			buildRules = (
			);
			dependencies = (
				0DC5630B2A51EA7F00381599 /* PBXTargetDependency */,
				0DC563102A51EA8500381599 /* PBXTargetDependency */,
			);
			name = NYNetworking;
			productName = NYNetworking;
			productReference = 0DC562BF2A51E99200381599 /* NYNetworking.framework */;
			productType = "com.apple.product-type.framework";
		};
		0DC562D02A51E9DD00381599 /* NYUI */ = {
			isa = PBXNativeTarget;
			buildConfigurationList = 0DC562DB2A51E9DD00381599 /* Build configuration list for PBXNativeTarget "NYUI" */;
			buildPhases = (
				0DC562CC2A51E9DD00381599 /* Headers */,
				0DC562CD2A51E9DD00381599 /* Sources */,
				0DC562CE2A51E9DD00381599 /* Frameworks */,
				0DC562CF2A51E9DD00381599 /* Resources */,
			);
			buildRules = (
			);
			dependencies = (
				0DC563142A51EA9100381599 /* PBXTargetDependency */,
				0DC563192A51EA9500381599 /* PBXTargetDependency */,
			);
			name = NYUI;
			productName = NYUI;
			productReference = 0DC562D12A51E9DD00381599 /* NYUI.framework */;
			productType = "com.apple.product-type.framework";
		};
		0DC562E22A51E9F300381599 /* NYUtilities */ = {
			isa = PBXNativeTarget;
			buildConfigurationList = 0DC562ED2A51E9F300381599 /* Build configuration list for PBXNativeTarget "NYUtilities" */;
			buildPhases = (
				0DC562DE2A51E9F300381599 /* Headers */,
				0DC562DF2A51E9F300381599 /* Sources */,
				0DC562E02A51E9F300381599 /* Frameworks */,
				0DC562E12A51E9F300381599 /* Resources */,
			);
			buildRules = (
			);
			dependencies = (
			);
			name = NYUtilities;
			productName = NYUtilities;
			productReference = 0DC562E32A51E9F300381599 /* NYUtilities.framework */;
			productType = "com.apple.product-type.framework";
		};
		0DC562F42A51EA0B00381599 /* NYViewModels */ = {
			isa = PBXNativeTarget;
			buildConfigurationList = 0DC562FF2A51EA0B00381599 /* Build configuration list for PBXNativeTarget "NYViewModels" */;
			buildPhases = (
				0DC562F02A51EA0B00381599 /* Headers */,
				0DC562F12A51EA0B00381599 /* Sources */,
				0DC562F22A51EA0B00381599 /* Frameworks */,
				0DC562F32A51EA0B00381599 /* Resources */,
				0DC5631E2A51EAAD00381599 /* Embed Frameworks */,
			);
			buildRules = (
			);
			dependencies = (
				0DC5631D2A51EAAD00381599 /* PBXTargetDependency */,
				0DC563222A51EAB200381599 /* PBXTargetDependency */,
				0DC563262A51EAB500381599 /* PBXTargetDependency */,
				0D96C3E22A56CFA100D4E26C /* PBXTargetDependency */,
			);
			name = NYViewModels;
			productName = NYViewModels;
			productReference = 0DC562F52A51EA0B00381599 /* NYViewModels.framework */;
			productType = "com.apple.product-type.framework";
		};
/* End PBXNativeTarget section */

/* Begin PBXProject section */
		0DC562782A51E8A700381599 /* Project object */ = {
			isa = PBXProject;
			attributes = {
				BuildIndependentTargetsInParallel = 1;
				LastSwiftUpdateCheck = 1430;
				LastUpgradeCheck = 1430;
				TargetAttributes = {
					0DC5627F2A51E8A700381599 = {
						CreatedOnToolsVersion = 14.3.1;
					};
					0DC5629B2A51E8EF00381599 = {
						CreatedOnToolsVersion = 14.3.1;
					};
					0DC562BE2A51E99200381599 = {
						CreatedOnToolsVersion = 14.3.1;
					};
					0DC562D02A51E9DD00381599 = {
						CreatedOnToolsVersion = 14.3.1;
					};
					0DC562E22A51E9F300381599 = {
						CreatedOnToolsVersion = 14.3.1;
					};
					0DC562F42A51EA0B00381599 = {
						CreatedOnToolsVersion = 14.3.1;
					};
				};
			};
			buildConfigurationList = 0DC5627B2A51E8A700381599 /* Build configuration list for PBXProject "NewYorkTimesViacheslavMarkov" */;
			compatibilityVersion = "Xcode 14.0";
			developmentRegion = en;
			hasScannedForEncodings = 0;
			knownRegions = (
				en,
				Base,
			);
			mainGroup = 0DC562772A51E8A700381599;
			productRefGroup = 0DC562812A51E8A700381599 /* Products */;
			projectDirPath = "";
			projectRoot = "";
			targets = (
				0DC5627F2A51E8A700381599 /* NewYorkTimesViacheslavMarkov */,
				0DC5629B2A51E8EF00381599 /* NYModels */,
				0DC562BE2A51E99200381599 /* NYNetworking */,
				0DC562D02A51E9DD00381599 /* NYUI */,
				0DC562E22A51E9F300381599 /* NYUtilities */,
				0DC562F42A51EA0B00381599 /* NYViewModels */,
			);
		};
/* End PBXProject section */

/* Begin PBXResourcesBuildPhase section */
		0DC5627E2A51E8A700381599 /* Resources */ = {
			isa = PBXResourcesBuildPhase;
			buildActionMask = 2147483647;
			files = (
				0DC562902A51E8A900381599 /* LaunchScreen.storyboard in Resources */,
				0DC5628D2A51E8A900381599 /* Assets.xcassets in Resources */,
			);
			runOnlyForDeploymentPostprocessing = 0;
		};
		0DC5629A2A51E8EF00381599 /* Resources */ = {
			isa = PBXResourcesBuildPhase;
			buildActionMask = 2147483647;
			files = (
			);
			runOnlyForDeploymentPostprocessing = 0;
		};
		0DC562BD2A51E99200381599 /* Resources */ = {
			isa = PBXResourcesBuildPhase;
			buildActionMask = 2147483647;
			files = (
			);
			runOnlyForDeploymentPostprocessing = 0;
		};
		0DC562CF2A51E9DD00381599 /* Resources */ = {
			isa = PBXResourcesBuildPhase;
			buildActionMask = 2147483647;
			files = (
			);
			runOnlyForDeploymentPostprocessing = 0;
		};
		0DC562E12A51E9F300381599 /* Resources */ = {
			isa = PBXResourcesBuildPhase;
			buildActionMask = 2147483647;
			files = (
			);
			runOnlyForDeploymentPostprocessing = 0;
		};
		0DC562F32A51EA0B00381599 /* Resources */ = {
			isa = PBXResourcesBuildPhase;
			buildActionMask = 2147483647;
			files = (
			);
			runOnlyForDeploymentPostprocessing = 0;
		};
/* End PBXResourcesBuildPhase section */

/* Begin PBXSourcesBuildPhase section */
		0DC5627C2A51E8A700381599 /* Sources */ = {
			isa = PBXSourcesBuildPhase;
			buildActionMask = 2147483647;
			files = (
				0DC562882A51E8A700381599 /* CategoryVC.swift in Sources */,
				0DC562842A51E8A700381599 /* AppDelegate.swift in Sources */,
			);
			runOnlyForDeploymentPostprocessing = 0;
		};
		0DC562982A51E8EF00381599 /* Sources */ = {
			isa = PBXSourcesBuildPhase;
			buildActionMask = 2147483647;
			files = (
				0D5AB41F2A581E21004FC615 /* BookNamesResponse.swift in Sources */,
				0DC562A02A51E8EF00381599 /* NYModels.docc in Sources */,
				0D5AB4222A5825E3004FC615 /* BookData.swift in Sources */,
				0D96C3C52A56AD0600D4E26C /* CategoryModel.swift in Sources */,
			);
			runOnlyForDeploymentPostprocessing = 0;
		};
		0DC562BB2A51E99200381599 /* Sources */ = {
			isa = PBXSourcesBuildPhase;
			buildActionMask = 2147483647;
			files = (
				0D5AB40E2A580C1A004FC615 /* JSONDecoder+Extension.swift in Sources */,
				0D5AB4092A580B53004FC615 /* NetworkRequestManager.swift in Sources */,
				0D5AB41D2A581DBE004FC615 /* BookNamesAPI.swift in Sources */,
				0D5AB4112A580C4B004FC615 /* API.swift in Sources */,
				0DC562C32A51E99200381599 /* NYNetworking.docc in Sources */,
				0D5AB4132A580CB3004FC615 /* EmptyRequest.swift in Sources */,
			);
			runOnlyForDeploymentPostprocessing = 0;
		};
		0DC562CD2A51E9DD00381599 /* Sources */ = {
			isa = PBXSourcesBuildPhase;
			buildActionMask = 2147483647;
			files = (
				0D96C3D32A56B20100D4E26C /* UIViewController+Extension.swift in Sources */,
				0D96C3CA2A56AF3F00D4E26C /* String+Extension.swift in Sources */,
				0D96C3B72A5457BE00D4E26C /* UIView+Extension.swift in Sources */,
				0D96C3BC2A569B3D00D4E26C /* CategoryView.swift in Sources */,
				0DC562D52A51E9DD00381599 /* NYUI.docc in Sources */,
				0D96C3D52A56B27D00D4E26C /* CellRegistrationFactory.swift in Sources */,
				0D96C3B32A5455F800D4E26C /* CollectionView.swift in Sources */,
				0D96C3B12A5455D900D4E26C /* TableView.swift in Sources */,
				0D96C3D72A56B2FB00D4E26C /* CategoryCVCell.swift in Sources */,
				0D96C3AD2A5454C200D4E26C /* ViewLoadableVC.swift in Sources */,
				0D96C3DA2A56B85C00D4E26C /* CVSupplementaryViewLabel.swift in Sources */,
				0D96C3DC2A56CA3300D4E26C /* CellLayoutFactory.swift in Sources */,
				0D96C3DE2A56CB2300D4E26C /* NSCollectionLayoutEnvironment+Extension.swift in Sources */,
				0D5AB4242A582F8D004FC615 /* UIStackView+Extension.swift in Sources */,
				0D96C3E42A56D52100D4E26C /* EmptyMessageCell.swift in Sources */,
				0D96C3AF2A54559E00D4E26C /* ViewLoadable.swift in Sources */,
			);
			runOnlyForDeploymentPostprocessing = 0;
		};
		0DC562DF2A51E9F300381599 /* Sources */ = {
			isa = PBXSourcesBuildPhase;
			buildActionMask = 2147483647;
			files = (
				0D5AB4192A580D90004FC615 /* HTTPMethodType.swift in Sources */,
				0D96C3D12A56B1D000D4E26C /* GenericError.swift in Sources */,
				0D5AB41B2A581B43004FC615 /* AppKey.swift in Sources */,
				0DC562E72A51E9F300381599 /* NYUtilities.docc in Sources */,
				0D5AB4162A580D13004FC615 /* BaseUrlType.swift in Sources */,
				0D5AB40B2A580BBA004FC615 /* DateFormatter+Extension.swift in Sources */,
				0D96C3E62A56D5F900D4E26C /* DirectionType.swift in Sources */,
			);
			runOnlyForDeploymentPostprocessing = 0;
		};
		0DC562F12A51EA0B00381599 /* Sources */ = {
			isa = PBXSourcesBuildPhase;
			buildActionMask = 2147483647;
			files = (
				0D96C3CF2A56B18700D4E26C /* ViewModelDelegating.swift in Sources */,
				0D96C3C02A56AC4600D4E26C /* CategoryVM.swift in Sources */,
				0DC562F92A51EA0B00381599 /* NYViewModels.docc in Sources */,
				0D96C3BE2A56ABF200D4E26C /* ModernListVM.swift in Sources */,
				0D96C3C32A56AC9900D4E26C /* CategorySection.swift in Sources */,
				0D96C3CC2A56AFBE00D4E26C /* ModernListModeling.swift in Sources */,
			);
			runOnlyForDeploymentPostprocessing = 0;
		};
/* End PBXSourcesBuildPhase section */

/* Begin PBXTargetDependency section */
		0D96C3E22A56CFA100D4E26C /* PBXTargetDependency */ = {
			isa = PBXTargetDependency;
			target = 0DC562D02A51E9DD00381599 /* NYUI */;
			targetProxy = 0D96C3E12A56CFA100D4E26C /* PBXContainerItemProxy */;
		};
		0DC562B02A51E8EF00381599 /* PBXTargetDependency */ = {
			isa = PBXTargetDependency;
			target = 0DC5629B2A51E8EF00381599 /* NYModels */;
			targetProxy = 0DC562AF2A51E8EF00381599 /* PBXContainerItemProxy */;
		};
		0DC562C62A51E99200381599 /* PBXTargetDependency */ = {
			isa = PBXTargetDependency;
			target = 0DC562BE2A51E99200381599 /* NYNetworking */;
			targetProxy = 0DC562C52A51E99200381599 /* PBXContainerItemProxy */;
		};
		0DC562D82A51E9DD00381599 /* PBXTargetDependency */ = {
			isa = PBXTargetDependency;
			target = 0DC562D02A51E9DD00381599 /* NYUI */;
			targetProxy = 0DC562D72A51E9DD00381599 /* PBXContainerItemProxy */;
		};
		0DC562EA2A51E9F300381599 /* PBXTargetDependency */ = {
			isa = PBXTargetDependency;
			target = 0DC562E22A51E9F300381599 /* NYUtilities */;
			targetProxy = 0DC562E92A51E9F300381599 /* PBXContainerItemProxy */;
		};
		0DC562FC2A51EA0B00381599 /* PBXTargetDependency */ = {
			isa = PBXTargetDependency;
			target = 0DC562F42A51EA0B00381599 /* NYViewModels */;
			targetProxy = 0DC562FB2A51EA0B00381599 /* PBXContainerItemProxy */;
		};
		0DC563062A51EA7000381599 /* PBXTargetDependency */ = {
			isa = PBXTargetDependency;
			target = 0DC562E22A51E9F300381599 /* NYUtilities */;
			targetProxy = 0DC563052A51EA7000381599 /* PBXContainerItemProxy */;
		};
		0DC5630B2A51EA7F00381599 /* PBXTargetDependency */ = {
			isa = PBXTargetDependency;
			target = 0DC562E22A51E9F300381599 /* NYUtilities */;
			targetProxy = 0DC5630A2A51EA7F00381599 /* PBXContainerItemProxy */;
		};
		0DC563102A51EA8500381599 /* PBXTargetDependency */ = {
			isa = PBXTargetDependency;
			target = 0DC5629B2A51E8EF00381599 /* NYModels */;
			targetProxy = 0DC5630F2A51EA8500381599 /* PBXContainerItemProxy */;
		};
		0DC563142A51EA9100381599 /* PBXTargetDependency */ = {
			isa = PBXTargetDependency;
			target = 0DC562E22A51E9F300381599 /* NYUtilities */;
			targetProxy = 0DC563132A51EA9100381599 /* PBXContainerItemProxy */;
		};
		0DC563192A51EA9500381599 /* PBXTargetDependency */ = {
			isa = PBXTargetDependency;
			target = 0DC5629B2A51E8EF00381599 /* NYModels */;
			targetProxy = 0DC563182A51EA9500381599 /* PBXContainerItemProxy */;
		};
		0DC5631D2A51EAAD00381599 /* PBXTargetDependency */ = {
			isa = PBXTargetDependency;
			target = 0DC562E22A51E9F300381599 /* NYUtilities */;
			targetProxy = 0DC5631C2A51EAAD00381599 /* PBXContainerItemProxy */;
		};
		0DC563222A51EAB200381599 /* PBXTargetDependency */ = {
			isa = PBXTargetDependency;
			target = 0DC5629B2A51E8EF00381599 /* NYModels */;
			targetProxy = 0DC563212A51EAB200381599 /* PBXContainerItemProxy */;
		};
		0DC563262A51EAB500381599 /* PBXTargetDependency */ = {
			isa = PBXTargetDependency;
			target = 0DC562BE2A51E99200381599 /* NYNetworking */;
			targetProxy = 0DC563252A51EAB500381599 /* PBXContainerItemProxy */;
		};
/* End PBXTargetDependency section */

/* Begin PBXVariantGroup section */
		0DC5628E2A51E8A900381599 /* LaunchScreen.storyboard */ = {
			isa = PBXVariantGroup;
			children = (
				0DC5628F2A51E8A900381599 /* Base */,
			);
			name = LaunchScreen.storyboard;
			sourceTree = "<group>";
		};
/* End PBXVariantGroup section */

/* Begin XCBuildConfiguration section */
		0DC562922A51E8A900381599 /* Debug */ = {
			isa = XCBuildConfiguration;
			buildSettings = {
				ALWAYS_SEARCH_USER_PATHS = NO;
				CLANG_ANALYZER_NONNULL = YES;
				CLANG_ANALYZER_NUMBER_OBJECT_CONVERSION = YES_AGGRESSIVE;
				CLANG_CXX_LANGUAGE_STANDARD = "gnu++20";
				CLANG_ENABLE_MODULES = YES;
				CLANG_ENABLE_OBJC_ARC = YES;
				CLANG_ENABLE_OBJC_WEAK = YES;
				CLANG_WARN_BLOCK_CAPTURE_AUTORELEASING = YES;
				CLANG_WARN_BOOL_CONVERSION = YES;
				CLANG_WARN_COMMA = YES;
				CLANG_WARN_CONSTANT_CONVERSION = YES;
				CLANG_WARN_DEPRECATED_OBJC_IMPLEMENTATIONS = YES;
				CLANG_WARN_DIRECT_OBJC_ISA_USAGE = YES_ERROR;
				CLANG_WARN_DOCUMENTATION_COMMENTS = YES;
				CLANG_WARN_EMPTY_BODY = YES;
				CLANG_WARN_ENUM_CONVERSION = YES;
				CLANG_WARN_INFINITE_RECURSION = YES;
				CLANG_WARN_INT_CONVERSION = YES;
				CLANG_WARN_NON_LITERAL_NULL_CONVERSION = YES;
				CLANG_WARN_OBJC_IMPLICIT_RETAIN_SELF = YES;
				CLANG_WARN_OBJC_LITERAL_CONVERSION = YES;
				CLANG_WARN_OBJC_ROOT_CLASS = YES_ERROR;
				CLANG_WARN_QUOTED_INCLUDE_IN_FRAMEWORK_HEADER = YES;
				CLANG_WARN_RANGE_LOOP_ANALYSIS = YES;
				CLANG_WARN_STRICT_PROTOTYPES = YES;
				CLANG_WARN_SUSPICIOUS_MOVE = YES;
				CLANG_WARN_UNGUARDED_AVAILABILITY = YES_AGGRESSIVE;
				CLANG_WARN_UNREACHABLE_CODE = YES;
				CLANG_WARN__DUPLICATE_METHOD_MATCH = YES;
				COPY_PHASE_STRIP = NO;
				DEBUG_INFORMATION_FORMAT = dwarf;
				ENABLE_STRICT_OBJC_MSGSEND = YES;
				ENABLE_TESTABILITY = YES;
				GCC_C_LANGUAGE_STANDARD = gnu11;
				GCC_DYNAMIC_NO_PIC = NO;
				GCC_NO_COMMON_BLOCKS = YES;
				GCC_OPTIMIZATION_LEVEL = 0;
				GCC_PREPROCESSOR_DEFINITIONS = (
					"DEBUG=1",
					"$(inherited)",
				);
				GCC_WARN_64_TO_32_BIT_CONVERSION = YES;
				GCC_WARN_ABOUT_RETURN_TYPE = YES_ERROR;
				GCC_WARN_UNDECLARED_SELECTOR = YES;
				GCC_WARN_UNINITIALIZED_AUTOS = YES_AGGRESSIVE;
				GCC_WARN_UNUSED_FUNCTION = YES;
				GCC_WARN_UNUSED_VARIABLE = YES;
				IPHONEOS_DEPLOYMENT_TARGET = 15.0;
				MTL_ENABLE_DEBUG_INFO = INCLUDE_SOURCE;
				MTL_FAST_MATH = YES;
				ONLY_ACTIVE_ARCH = YES;
				SDKROOT = iphoneos;
				SWIFT_ACTIVE_COMPILATION_CONDITIONS = DEBUG;
				SWIFT_OPTIMIZATION_LEVEL = "-Onone";
			};
			name = Debug;
		};
		0DC562932A51E8A900381599 /* Release */ = {
			isa = XCBuildConfiguration;
			buildSettings = {
				ALWAYS_SEARCH_USER_PATHS = NO;
				CLANG_ANALYZER_NONNULL = YES;
				CLANG_ANALYZER_NUMBER_OBJECT_CONVERSION = YES_AGGRESSIVE;
				CLANG_CXX_LANGUAGE_STANDARD = "gnu++20";
				CLANG_ENABLE_MODULES = YES;
				CLANG_ENABLE_OBJC_ARC = YES;
				CLANG_ENABLE_OBJC_WEAK = YES;
				CLANG_WARN_BLOCK_CAPTURE_AUTORELEASING = YES;
				CLANG_WARN_BOOL_CONVERSION = YES;
				CLANG_WARN_COMMA = YES;
				CLANG_WARN_CONSTANT_CONVERSION = YES;
				CLANG_WARN_DEPRECATED_OBJC_IMPLEMENTATIONS = YES;
				CLANG_WARN_DIRECT_OBJC_ISA_USAGE = YES_ERROR;
				CLANG_WARN_DOCUMENTATION_COMMENTS = YES;
				CLANG_WARN_EMPTY_BODY = YES;
				CLANG_WARN_ENUM_CONVERSION = YES;
				CLANG_WARN_INFINITE_RECURSION = YES;
				CLANG_WARN_INT_CONVERSION = YES;
				CLANG_WARN_NON_LITERAL_NULL_CONVERSION = YES;
				CLANG_WARN_OBJC_IMPLICIT_RETAIN_SELF = YES;
				CLANG_WARN_OBJC_LITERAL_CONVERSION = YES;
				CLANG_WARN_OBJC_ROOT_CLASS = YES_ERROR;
				CLANG_WARN_QUOTED_INCLUDE_IN_FRAMEWORK_HEADER = YES;
				CLANG_WARN_RANGE_LOOP_ANALYSIS = YES;
				CLANG_WARN_STRICT_PROTOTYPES = YES;
				CLANG_WARN_SUSPICIOUS_MOVE = YES;
				CLANG_WARN_UNGUARDED_AVAILABILITY = YES_AGGRESSIVE;
				CLANG_WARN_UNREACHABLE_CODE = YES;
				CLANG_WARN__DUPLICATE_METHOD_MATCH = YES;
				COPY_PHASE_STRIP = NO;
				DEBUG_INFORMATION_FORMAT = "dwarf-with-dsym";
				ENABLE_NS_ASSERTIONS = NO;
				ENABLE_STRICT_OBJC_MSGSEND = YES;
				GCC_C_LANGUAGE_STANDARD = gnu11;
				GCC_NO_COMMON_BLOCKS = YES;
				GCC_WARN_64_TO_32_BIT_CONVERSION = YES;
				GCC_WARN_ABOUT_RETURN_TYPE = YES_ERROR;
				GCC_WARN_UNDECLARED_SELECTOR = YES;
				GCC_WARN_UNINITIALIZED_AUTOS = YES_AGGRESSIVE;
				GCC_WARN_UNUSED_FUNCTION = YES;
				GCC_WARN_UNUSED_VARIABLE = YES;
				IPHONEOS_DEPLOYMENT_TARGET = 15.0;
				MTL_ENABLE_DEBUG_INFO = NO;
				MTL_FAST_MATH = YES;
				SDKROOT = iphoneos;
				SWIFT_COMPILATION_MODE = wholemodule;
				SWIFT_OPTIMIZATION_LEVEL = "-O";
				VALIDATE_PRODUCT = YES;
			};
			name = Release;
		};
		0DC562952A51E8A900381599 /* Debug */ = {
			isa = XCBuildConfiguration;
			buildSettings = {
				ALWAYS_EMBED_SWIFT_STANDARD_LIBRARIES = YES;
				ASSETCATALOG_COMPILER_APPICON_NAME = AppIcon;
				ASSETCATALOG_COMPILER_GLOBAL_ACCENT_COLOR_NAME = AccentColor;
				CODE_SIGN_STYLE = Automatic;
				CURRENT_PROJECT_VERSION = 1;
				DEVELOPMENT_TEAM = 6Z5CWU22LN;
				GENERATE_INFOPLIST_FILE = YES;
				INFOPLIST_FILE = NewYorkTimesViacheslavMarkov/Info.plist;
				INFOPLIST_KEY_UIApplicationSupportsIndirectInputEvents = YES;
				INFOPLIST_KEY_UILaunchStoryboardName = LaunchScreen;
				INFOPLIST_KEY_UISupportedInterfaceOrientations = UIInterfaceOrientationPortrait;
				INFOPLIST_KEY_UISupportedInterfaceOrientations_iPad = "UIInterfaceOrientationPortrait UIInterfaceOrientationPortraitUpsideDown";
				LD_RUNPATH_SEARCH_PATHS = (
					"$(inherited)",
					"@executable_path/Frameworks",
				);
				MARKETING_VERSION = 1.0;
				PRODUCT_BUNDLE_IDENTIFIER = com.markov.NewYorkTimesViacheslavMarkov;
				PRODUCT_NAME = "$(TARGET_NAME)";
				SWIFT_EMIT_LOC_STRINGS = YES;
				SWIFT_VERSION = 5.0;
				TARGETED_DEVICE_FAMILY = "1,2";
			};
			name = Debug;
		};
		0DC562962A51E8A900381599 /* Release */ = {
			isa = XCBuildConfiguration;
			buildSettings = {
				ALWAYS_EMBED_SWIFT_STANDARD_LIBRARIES = YES;
				ASSETCATALOG_COMPILER_APPICON_NAME = AppIcon;
				ASSETCATALOG_COMPILER_GLOBAL_ACCENT_COLOR_NAME = AccentColor;
				CODE_SIGN_STYLE = Automatic;
				CURRENT_PROJECT_VERSION = 1;
				DEVELOPMENT_TEAM = 6Z5CWU22LN;
				GENERATE_INFOPLIST_FILE = YES;
				INFOPLIST_FILE = NewYorkTimesViacheslavMarkov/Info.plist;
				INFOPLIST_KEY_UIApplicationSupportsIndirectInputEvents = YES;
				INFOPLIST_KEY_UILaunchStoryboardName = LaunchScreen;
				INFOPLIST_KEY_UISupportedInterfaceOrientations = UIInterfaceOrientationPortrait;
				INFOPLIST_KEY_UISupportedInterfaceOrientations_iPad = "UIInterfaceOrientationPortrait UIInterfaceOrientationPortraitUpsideDown";
				LD_RUNPATH_SEARCH_PATHS = (
					"$(inherited)",
					"@executable_path/Frameworks",
				);
				MARKETING_VERSION = 1.0;
				PRODUCT_BUNDLE_IDENTIFIER = com.markov.NewYorkTimesViacheslavMarkov;
				PRODUCT_NAME = "$(TARGET_NAME)";
				SWIFT_EMIT_LOC_STRINGS = YES;
				SWIFT_VERSION = 5.0;
				TARGETED_DEVICE_FAMILY = "1,2";
			};
			name = Release;
		};
		0DC562B42A51E8EF00381599 /* Debug */ = {
			isa = XCBuildConfiguration;
			buildSettings = {
				CODE_SIGN_STYLE = Automatic;
				CURRENT_PROJECT_VERSION = 1;
				DEFINES_MODULE = YES;
				DEVELOPMENT_TEAM = 6Z5CWU22LN;
				DYLIB_COMPATIBILITY_VERSION = 1;
				DYLIB_CURRENT_VERSION = 1;
				DYLIB_INSTALL_NAME_BASE = "@rpath";
				ENABLE_MODULE_VERIFIER = YES;
				GENERATE_INFOPLIST_FILE = YES;
				INFOPLIST_KEY_NSHumanReadableCopyright = "";
				INSTALL_PATH = "$(LOCAL_LIBRARY_DIR)/Frameworks";
				IPHONEOS_DEPLOYMENT_TARGET = 15.0;
				LD_RUNPATH_SEARCH_PATHS = (
					"$(inherited)",
					"@executable_path/Frameworks",
					"@loader_path/Frameworks",
				);
				MARKETING_VERSION = 1.0;
				MODULE_VERIFIER_SUPPORTED_LANGUAGES = "objective-c objective-c++";
				MODULE_VERIFIER_SUPPORTED_LANGUAGE_STANDARDS = "gnu11 gnu++20";
				PRODUCT_BUNDLE_IDENTIFIER = com.markov.NYModels;
				PRODUCT_NAME = "$(TARGET_NAME:c99extidentifier)";
				SKIP_INSTALL = YES;
				SWIFT_EMIT_LOC_STRINGS = YES;
				SWIFT_VERSION = 5.0;
				TARGETED_DEVICE_FAMILY = "1,2";
				VERSIONING_SYSTEM = "apple-generic";
				VERSION_INFO_PREFIX = "";
			};
			name = Debug;
		};
		0DC562B52A51E8EF00381599 /* Release */ = {
			isa = XCBuildConfiguration;
			buildSettings = {
				CODE_SIGN_STYLE = Automatic;
				CURRENT_PROJECT_VERSION = 1;
				DEFINES_MODULE = YES;
				DEVELOPMENT_TEAM = 6Z5CWU22LN;
				DYLIB_COMPATIBILITY_VERSION = 1;
				DYLIB_CURRENT_VERSION = 1;
				DYLIB_INSTALL_NAME_BASE = "@rpath";
				ENABLE_MODULE_VERIFIER = YES;
				GENERATE_INFOPLIST_FILE = YES;
				INFOPLIST_KEY_NSHumanReadableCopyright = "";
				INSTALL_PATH = "$(LOCAL_LIBRARY_DIR)/Frameworks";
				IPHONEOS_DEPLOYMENT_TARGET = 15.0;
				LD_RUNPATH_SEARCH_PATHS = (
					"$(inherited)",
					"@executable_path/Frameworks",
					"@loader_path/Frameworks",
				);
				MARKETING_VERSION = 1.0;
				MODULE_VERIFIER_SUPPORTED_LANGUAGES = "objective-c objective-c++";
				MODULE_VERIFIER_SUPPORTED_LANGUAGE_STANDARDS = "gnu11 gnu++20";
				PRODUCT_BUNDLE_IDENTIFIER = com.markov.NYModels;
				PRODUCT_NAME = "$(TARGET_NAME:c99extidentifier)";
				SKIP_INSTALL = YES;
				SWIFT_EMIT_LOC_STRINGS = YES;
				SWIFT_VERSION = 5.0;
				TARGETED_DEVICE_FAMILY = "1,2";
				VERSIONING_SYSTEM = "apple-generic";
				VERSION_INFO_PREFIX = "";
			};
			name = Release;
		};
		0DC562CA2A51E99200381599 /* Debug */ = {
			isa = XCBuildConfiguration;
			buildSettings = {
				CODE_SIGN_STYLE = Automatic;
				CURRENT_PROJECT_VERSION = 1;
				DEFINES_MODULE = YES;
				DEVELOPMENT_TEAM = 6Z5CWU22LN;
				DYLIB_COMPATIBILITY_VERSION = 1;
				DYLIB_CURRENT_VERSION = 1;
				DYLIB_INSTALL_NAME_BASE = "@rpath";
				ENABLE_MODULE_VERIFIER = YES;
				GENERATE_INFOPLIST_FILE = YES;
				INFOPLIST_KEY_NSHumanReadableCopyright = "";
				INSTALL_PATH = "$(LOCAL_LIBRARY_DIR)/Frameworks";
				LD_RUNPATH_SEARCH_PATHS = (
					"$(inherited)",
					"@executable_path/Frameworks",
					"@loader_path/Frameworks",
				);
				MARKETING_VERSION = 1.0;
				MODULE_VERIFIER_SUPPORTED_LANGUAGES = "objective-c objective-c++";
				MODULE_VERIFIER_SUPPORTED_LANGUAGE_STANDARDS = "gnu11 gnu++20";
				PRODUCT_BUNDLE_IDENTIFIER = com.markov.NYNetworking;
				PRODUCT_NAME = "$(TARGET_NAME:c99extidentifier)";
				SKIP_INSTALL = YES;
				SWIFT_EMIT_LOC_STRINGS = YES;
				SWIFT_VERSION = 5.0;
				TARGETED_DEVICE_FAMILY = "1,2";
				VERSIONING_SYSTEM = "apple-generic";
				VERSION_INFO_PREFIX = "";
			};
			name = Debug;
		};
		0DC562CB2A51E99200381599 /* Release */ = {
			isa = XCBuildConfiguration;
			buildSettings = {
				CODE_SIGN_STYLE = Automatic;
				CURRENT_PROJECT_VERSION = 1;
				DEFINES_MODULE = YES;
				DEVELOPMENT_TEAM = 6Z5CWU22LN;
				DYLIB_COMPATIBILITY_VERSION = 1;
				DYLIB_CURRENT_VERSION = 1;
				DYLIB_INSTALL_NAME_BASE = "@rpath";
				ENABLE_MODULE_VERIFIER = YES;
				GENERATE_INFOPLIST_FILE = YES;
				INFOPLIST_KEY_NSHumanReadableCopyright = "";
				INSTALL_PATH = "$(LOCAL_LIBRARY_DIR)/Frameworks";
				LD_RUNPATH_SEARCH_PATHS = (
					"$(inherited)",
					"@executable_path/Frameworks",
					"@loader_path/Frameworks",
				);
				MARKETING_VERSION = 1.0;
				MODULE_VERIFIER_SUPPORTED_LANGUAGES = "objective-c objective-c++";
				MODULE_VERIFIER_SUPPORTED_LANGUAGE_STANDARDS = "gnu11 gnu++20";
				PRODUCT_BUNDLE_IDENTIFIER = com.markov.NYNetworking;
				PRODUCT_NAME = "$(TARGET_NAME:c99extidentifier)";
				SKIP_INSTALL = YES;
				SWIFT_EMIT_LOC_STRINGS = YES;
				SWIFT_VERSION = 5.0;
				TARGETED_DEVICE_FAMILY = "1,2";
				VERSIONING_SYSTEM = "apple-generic";
				VERSION_INFO_PREFIX = "";
			};
			name = Release;
		};
		0DC562DC2A51E9DD00381599 /* Debug */ = {
			isa = XCBuildConfiguration;
			buildSettings = {
				CODE_SIGN_STYLE = Automatic;
				CURRENT_PROJECT_VERSION = 1;
				DEFINES_MODULE = YES;
				DEVELOPMENT_TEAM = 6Z5CWU22LN;
				DYLIB_COMPATIBILITY_VERSION = 1;
				DYLIB_CURRENT_VERSION = 1;
				DYLIB_INSTALL_NAME_BASE = "@rpath";
				ENABLE_MODULE_VERIFIER = YES;
				GENERATE_INFOPLIST_FILE = YES;
				INFOPLIST_KEY_NSHumanReadableCopyright = "";
				INSTALL_PATH = "$(LOCAL_LIBRARY_DIR)/Frameworks";
				IPHONEOS_DEPLOYMENT_TARGET = 15.0;
				LD_RUNPATH_SEARCH_PATHS = (
					"$(inherited)",
					"@executable_path/Frameworks",
					"@loader_path/Frameworks",
				);
				MARKETING_VERSION = 1.0;
				MODULE_VERIFIER_SUPPORTED_LANGUAGES = "objective-c objective-c++";
				MODULE_VERIFIER_SUPPORTED_LANGUAGE_STANDARDS = "gnu11 gnu++20";
				PRODUCT_BUNDLE_IDENTIFIER = com.markov.NYUI;
				PRODUCT_NAME = "$(TARGET_NAME:c99extidentifier)";
				SKIP_INSTALL = YES;
				SWIFT_EMIT_LOC_STRINGS = YES;
				SWIFT_VERSION = 5.0;
				TARGETED_DEVICE_FAMILY = "1,2";
				VERSIONING_SYSTEM = "apple-generic";
				VERSION_INFO_PREFIX = "";
			};
			name = Debug;
		};
		0DC562DD2A51E9DD00381599 /* Release */ = {
			isa = XCBuildConfiguration;
			buildSettings = {
				CODE_SIGN_STYLE = Automatic;
				CURRENT_PROJECT_VERSION = 1;
				DEFINES_MODULE = YES;
				DEVELOPMENT_TEAM = 6Z5CWU22LN;
				DYLIB_COMPATIBILITY_VERSION = 1;
				DYLIB_CURRENT_VERSION = 1;
				DYLIB_INSTALL_NAME_BASE = "@rpath";
				ENABLE_MODULE_VERIFIER = YES;
				GENERATE_INFOPLIST_FILE = YES;
				INFOPLIST_KEY_NSHumanReadableCopyright = "";
				INSTALL_PATH = "$(LOCAL_LIBRARY_DIR)/Frameworks";
				IPHONEOS_DEPLOYMENT_TARGET = 15.0;
				LD_RUNPATH_SEARCH_PATHS = (
					"$(inherited)",
					"@executable_path/Frameworks",
					"@loader_path/Frameworks",
				);
				MARKETING_VERSION = 1.0;
				MODULE_VERIFIER_SUPPORTED_LANGUAGES = "objective-c objective-c++";
				MODULE_VERIFIER_SUPPORTED_LANGUAGE_STANDARDS = "gnu11 gnu++20";
				PRODUCT_BUNDLE_IDENTIFIER = com.markov.NYUI;
				PRODUCT_NAME = "$(TARGET_NAME:c99extidentifier)";
				SKIP_INSTALL = YES;
				SWIFT_EMIT_LOC_STRINGS = YES;
				SWIFT_VERSION = 5.0;
				TARGETED_DEVICE_FAMILY = "1,2";
				VERSIONING_SYSTEM = "apple-generic";
				VERSION_INFO_PREFIX = "";
			};
			name = Release;
		};
		0DC562EE2A51E9F300381599 /* Debug */ = {
			isa = XCBuildConfiguration;
			buildSettings = {
				CODE_SIGN_STYLE = Automatic;
				CURRENT_PROJECT_VERSION = 1;
				DEFINES_MODULE = YES;
				DEVELOPMENT_TEAM = 6Z5CWU22LN;
				DYLIB_COMPATIBILITY_VERSION = 1;
				DYLIB_CURRENT_VERSION = 1;
				DYLIB_INSTALL_NAME_BASE = "@rpath";
				ENABLE_MODULE_VERIFIER = YES;
				GENERATE_INFOPLIST_FILE = YES;
				INFOPLIST_KEY_NSHumanReadableCopyright = "";
				INSTALL_PATH = "$(LOCAL_LIBRARY_DIR)/Frameworks";
				IPHONEOS_DEPLOYMENT_TARGET = 15.0;
				LD_RUNPATH_SEARCH_PATHS = (
					"$(inherited)",
					"@executable_path/Frameworks",
					"@loader_path/Frameworks",
				);
				MARKETING_VERSION = 1.0;
				MODULE_VERIFIER_SUPPORTED_LANGUAGES = "objective-c objective-c++";
				MODULE_VERIFIER_SUPPORTED_LANGUAGE_STANDARDS = "gnu11 gnu++20";
				PRODUCT_BUNDLE_IDENTIFIER = com.markov.NYUtilities;
				PRODUCT_NAME = "$(TARGET_NAME:c99extidentifier)";
				SKIP_INSTALL = YES;
				SWIFT_EMIT_LOC_STRINGS = YES;
				SWIFT_VERSION = 5.0;
				TARGETED_DEVICE_FAMILY = "1,2";
				VERSIONING_SYSTEM = "apple-generic";
				VERSION_INFO_PREFIX = "";
			};
			name = Debug;
		};
		0DC562EF2A51E9F300381599 /* Release */ = {
			isa = XCBuildConfiguration;
			buildSettings = {
				CODE_SIGN_STYLE = Automatic;
				CURRENT_PROJECT_VERSION = 1;
				DEFINES_MODULE = YES;
				DEVELOPMENT_TEAM = 6Z5CWU22LN;
				DYLIB_COMPATIBILITY_VERSION = 1;
				DYLIB_CURRENT_VERSION = 1;
				DYLIB_INSTALL_NAME_BASE = "@rpath";
				ENABLE_MODULE_VERIFIER = YES;
				GENERATE_INFOPLIST_FILE = YES;
				INFOPLIST_KEY_NSHumanReadableCopyright = "";
				INSTALL_PATH = "$(LOCAL_LIBRARY_DIR)/Frameworks";
				IPHONEOS_DEPLOYMENT_TARGET = 15.0;
				LD_RUNPATH_SEARCH_PATHS = (
					"$(inherited)",
					"@executable_path/Frameworks",
					"@loader_path/Frameworks",
				);
				MARKETING_VERSION = 1.0;
				MODULE_VERIFIER_SUPPORTED_LANGUAGES = "objective-c objective-c++";
				MODULE_VERIFIER_SUPPORTED_LANGUAGE_STANDARDS = "gnu11 gnu++20";
				PRODUCT_BUNDLE_IDENTIFIER = com.markov.NYUtilities;
				PRODUCT_NAME = "$(TARGET_NAME:c99extidentifier)";
				SKIP_INSTALL = YES;
				SWIFT_EMIT_LOC_STRINGS = YES;
				SWIFT_VERSION = 5.0;
				TARGETED_DEVICE_FAMILY = "1,2";
				VERSIONING_SYSTEM = "apple-generic";
				VERSION_INFO_PREFIX = "";
			};
			name = Release;
		};
		0DC563002A51EA0B00381599 /* Debug */ = {
			isa = XCBuildConfiguration;
			buildSettings = {
				CODE_SIGN_STYLE = Automatic;
				CURRENT_PROJECT_VERSION = 1;
				DEFINES_MODULE = YES;
				DEVELOPMENT_TEAM = 6Z5CWU22LN;
				DYLIB_COMPATIBILITY_VERSION = 1;
				DYLIB_CURRENT_VERSION = 1;
				DYLIB_INSTALL_NAME_BASE = "@rpath";
				ENABLE_MODULE_VERIFIER = YES;
				GENERATE_INFOPLIST_FILE = YES;
				INFOPLIST_KEY_NSHumanReadableCopyright = "";
				INSTALL_PATH = "$(LOCAL_LIBRARY_DIR)/Frameworks";
				IPHONEOS_DEPLOYMENT_TARGET = 15.0;
				LD_RUNPATH_SEARCH_PATHS = (
					"$(inherited)",
					"@executable_path/Frameworks",
					"@loader_path/Frameworks",
				);
				MARKETING_VERSION = 1.0;
				MODULE_VERIFIER_SUPPORTED_LANGUAGES = "objective-c objective-c++";
				MODULE_VERIFIER_SUPPORTED_LANGUAGE_STANDARDS = "gnu11 gnu++20";
				PRODUCT_BUNDLE_IDENTIFIER = com.markov.NYViewModels;
				PRODUCT_NAME = "$(TARGET_NAME:c99extidentifier)";
				SKIP_INSTALL = YES;
				SWIFT_EMIT_LOC_STRINGS = YES;
				SWIFT_VERSION = 5.0;
				TARGETED_DEVICE_FAMILY = "1,2";
				VERSIONING_SYSTEM = "apple-generic";
				VERSION_INFO_PREFIX = "";
			};
			name = Debug;
		};
		0DC563012A51EA0B00381599 /* Release */ = {
			isa = XCBuildConfiguration;
			buildSettings = {
				CODE_SIGN_STYLE = Automatic;
				CURRENT_PROJECT_VERSION = 1;
				DEFINES_MODULE = YES;
				DEVELOPMENT_TEAM = 6Z5CWU22LN;
				DYLIB_COMPATIBILITY_VERSION = 1;
				DYLIB_CURRENT_VERSION = 1;
				DYLIB_INSTALL_NAME_BASE = "@rpath";
				ENABLE_MODULE_VERIFIER = YES;
				GENERATE_INFOPLIST_FILE = YES;
				INFOPLIST_KEY_NSHumanReadableCopyright = "";
				INSTALL_PATH = "$(LOCAL_LIBRARY_DIR)/Frameworks";
				IPHONEOS_DEPLOYMENT_TARGET = 15.0;
				LD_RUNPATH_SEARCH_PATHS = (
					"$(inherited)",
					"@executable_path/Frameworks",
					"@loader_path/Frameworks",
				);
				MARKETING_VERSION = 1.0;
				MODULE_VERIFIER_SUPPORTED_LANGUAGES = "objective-c objective-c++";
				MODULE_VERIFIER_SUPPORTED_LANGUAGE_STANDARDS = "gnu11 gnu++20";
				PRODUCT_BUNDLE_IDENTIFIER = com.markov.NYViewModels;
				PRODUCT_NAME = "$(TARGET_NAME:c99extidentifier)";
				SKIP_INSTALL = YES;
				SWIFT_EMIT_LOC_STRINGS = YES;
				SWIFT_VERSION = 5.0;
				TARGETED_DEVICE_FAMILY = "1,2";
				VERSIONING_SYSTEM = "apple-generic";
				VERSION_INFO_PREFIX = "";
			};
			name = Release;
		};
/* End XCBuildConfiguration section */

/* Begin XCConfigurationList section */
		0DC5627B2A51E8A700381599 /* Build configuration list for PBXProject "NewYorkTimesViacheslavMarkov" */ = {
			isa = XCConfigurationList;
			buildConfigurations = (
				0DC562922A51E8A900381599 /* Debug */,
				0DC562932A51E8A900381599 /* Release */,
			);
			defaultConfigurationIsVisible = 0;
			defaultConfigurationName = Release;
		};
		0DC562942A51E8A900381599 /* Build configuration list for PBXNativeTarget "NewYorkTimesViacheslavMarkov" */ = {
			isa = XCConfigurationList;
			buildConfigurations = (
				0DC562952A51E8A900381599 /* Debug */,
				0DC562962A51E8A900381599 /* Release */,
			);
			defaultConfigurationIsVisible = 0;
			defaultConfigurationName = Release;
		};
		0DC562B32A51E8EF00381599 /* Build configuration list for PBXNativeTarget "NYModels" */ = {
			isa = XCConfigurationList;
			buildConfigurations = (
				0DC562B42A51E8EF00381599 /* Debug */,
				0DC562B52A51E8EF00381599 /* Release */,
			);
			defaultConfigurationIsVisible = 0;
			defaultConfigurationName = Release;
		};
		0DC562C92A51E99200381599 /* Build configuration list for PBXNativeTarget "NYNetworking" */ = {
			isa = XCConfigurationList;
			buildConfigurations = (
				0DC562CA2A51E99200381599 /* Debug */,
				0DC562CB2A51E99200381599 /* Release */,
			);
			defaultConfigurationIsVisible = 0;
			defaultConfigurationName = Release;
		};
		0DC562DB2A51E9DD00381599 /* Build configuration list for PBXNativeTarget "NYUI" */ = {
			isa = XCConfigurationList;
			buildConfigurations = (
				0DC562DC2A51E9DD00381599 /* Debug */,
				0DC562DD2A51E9DD00381599 /* Release */,
			);
			defaultConfigurationIsVisible = 0;
			defaultConfigurationName = Release;
		};
		0DC562ED2A51E9F300381599 /* Build configuration list for PBXNativeTarget "NYUtilities" */ = {
			isa = XCConfigurationList;
			buildConfigurations = (
				0DC562EE2A51E9F300381599 /* Debug */,
				0DC562EF2A51E9F300381599 /* Release */,
			);
			defaultConfigurationIsVisible = 0;
			defaultConfigurationName = Release;
		};
		0DC562FF2A51EA0B00381599 /* Build configuration list for PBXNativeTarget "NYViewModels" */ = {
			isa = XCConfigurationList;
			buildConfigurations = (
				0DC563002A51EA0B00381599 /* Debug */,
				0DC563012A51EA0B00381599 /* Release */,
			);
			defaultConfigurationIsVisible = 0;
			defaultConfigurationName = Release;
		};
/* End XCConfigurationList section */
	};
	rootObject = 0DC562782A51E8A700381599 /* Project object */;
}
